
Microsoft Visual Studio Solution File, Format Version 12.00
# Visual Studio Version 16
VisualStudioVersion = 16.0.30114.105
MinimumVisualStudioVersion = 10.0.40219.1
Project("{FAE04EC0-301F-11D3-BF4B-00C04F79EFBC}") = "API", "API\API.csproj", "{9D82F77A-9A5F-4F27-B10F-F72D002D200E}"
EndProject
Project("{FAE04EC0-301F-11D3-BF4B-00C04F79EFBC}") = "Application", "Application\Application.csproj", "{1D249AF8-8A73-4739-993D-0299C8D48BFF}"
EndProject
Project("{FAE04EC0-301F-11D3-BF4B-00C04F79EFBC}") = "Persistence", "Persistence\Persistence.csproj", "{B5C7CC5B-DAA5-485D-A250-5AEC8FD8A097}"
EndProject
Project("{FAE04EC0-301F-11D3-BF4B-00C04F79EFBC}") = "Domain", "Domain\Domain.csproj", "{66410B4B-BCBC-4BAE-8444-7BD7E884459A}"
EndProject
Global
	GlobalSection(SolutionConfigurationPlatforms) = preSolution
		Debug|Any CPU = Debug|Any CPU
		Debug|x64 = Debug|x64
		Debug|x86 = Debug|x86
		Release|Any CPU = Release|Any CPU
		Release|x64 = Release|x64
		Release|x86 = Release|x86
	EndGlobalSection
	GlobalSection(SolutionProperties) = preSolution
		HideSolutionNode = FALSE
	EndGlobalSection
	GlobalSection(ProjectConfigurationPlatforms) = postSolution
		{9D82F77A-9A5F-4F27-B10F-F72D002D200E}.Debug|Any CPU.ActiveCfg = Debug|Any CPU
		{9D82F77A-9A5F-4F27-B10F-F72D002D200E}.Debug|Any CPU.Build.0 = Debug|Any CPU
		{9D82F77A-9A5F-4F27-B10F-F72D002D200E}.Debug|x64.ActiveCfg = Debug|Any CPU
		{9D82F77A-9A5F-4F27-B10F-F72D002D200E}.Debug|x64.Build.0 = Debug|Any CPU
		{9D82F77A-9A5F-4F27-B10F-F72D002D200E}.Debug|x86.ActiveCfg = Debug|Any CPU
		{9D82F77A-9A5F-4F27-B10F-F72D002D200E}.Debug|x86.Build.0 = Debug|Any CPU
		{9D82F77A-9A5F-4F27-B10F-F72D002D200E}.Release|Any CPU.ActiveCfg = Release|Any CPU
		{9D82F77A-9A5F-4F27-B10F-F72D002D200E}.Release|Any CPU.Build.0 = Release|Any CPU
		{9D82F77A-9A5F-4F27-B10F-F72D002D200E}.Release|x64.ActiveCfg = Release|Any CPU
		{9D82F77A-9A5F-4F27-B10F-F72D002D200E}.Release|x64.Build.0 = Release|Any CPU
		{9D82F77A-9A5F-4F27-B10F-F72D002D200E}.Release|x86.ActiveCfg = Release|Any CPU
		{9D82F77A-9A5F-4F27-B10F-F72D002D200E}.Release|x86.Build.0 = Release|Any CPU
		{1D249AF8-8A73-4739-993D-0299C8D48BFF}.Debug|Any CPU.ActiveCfg = Debug|Any CPU
		{1D249AF8-8A73-4739-993D-0299C8D48BFF}.Debug|Any CPU.Build.0 = Debug|Any CPU
		{1D249AF8-8A73-4739-993D-0299C8D48BFF}.Debug|x64.ActiveCfg = Debug|Any CPU
		{1D249AF8-8A73-4739-993D-0299C8D48BFF}.Debug|x64.Build.0 = Debug|Any CPU
		{1D249AF8-8A73-4739-993D-0299C8D48BFF}.Debug|x86.ActiveCfg = Debug|Any CPU
		{1D249AF8-8A73-4739-993D-0299C8D48BFF}.Debug|x86.Build.0 = Debug|Any CPU
		{1D249AF8-8A73-4739-993D-0299C8D48BFF}.Release|Any CPU.ActiveCfg = Release|Any CPU
		{1D249AF8-8A73-4739-993D-0299C8D48BFF}.Release|Any CPU.Build.0 = Release|Any CPU
		{1D249AF8-8A73-4739-993D-0299C8D48BFF}.Release|x64.ActiveCfg = Release|Any CPU
		{1D249AF8-8A73-4739-993D-0299C8D48BFF}.Release|x64.Build.0 = Release|Any CPU
		{1D249AF8-8A73-4739-993D-0299C8D48BFF}.Release|x86.ActiveCfg = Release|Any CPU
		{1D249AF8-8A73-4739-993D-0299C8D48BFF}.Release|x86.Build.0 = Release|Any CPU
		{B5C7CC5B-DAA5-485D-A250-5AEC8FD8A097}.Debug|Any CPU.ActiveCfg = Debug|Any CPU
		{B5C7CC5B-DAA5-485D-A250-5AEC8FD8A097}.Debug|Any CPU.Build.0 = Debug|Any CPU
		{B5C7CC5B-DAA5-485D-A250-5AEC8FD8A097}.Debug|x64.ActiveCfg = Debug|Any CPU
		{B5C7CC5B-DAA5-485D-A250-5AEC8FD8A097}.Debug|x64.Build.0 = Debug|Any CPU
		{B5C7CC5B-DAA5-485D-A250-5AEC8FD8A097}.Debug|x86.ActiveCfg = Debug|Any CPU
		{B5C7CC5B-DAA5-485D-A250-5AEC8FD8A097}.Debug|x86.Build.0 = Debug|Any CPU
		{B5C7CC5B-DAA5-485D-A250-5AEC8FD8A097}.Release|Any CPU.ActiveCfg = Release|Any CPU
		{B5C7CC5B-DAA5-485D-A250-5AEC8FD8A097}.Release|Any CPU.Build.0 = Release|Any CPU
		{B5C7CC5B-DAA5-485D-A250-5AEC8FD8A097}.Release|x64.ActiveCfg = Release|Any CPU
		{B5C7CC5B-DAA5-485D-A250-5AEC8FD8A097}.Release|x64.Build.0 = Release|Any CPU
		{B5C7CC5B-DAA5-485D-A250-5AEC8FD8A097}.Release|x86.ActiveCfg = Release|Any CPU
		{B5C7CC5B-DAA5-485D-A250-5AEC8FD8A097}.Release|x86.Build.0 = Release|Any CPU
		{66410B4B-BCBC-4BAE-8444-7BD7E884459A}.Debug|Any CPU.ActiveCfg = Debug|Any CPU
		{66410B4B-BCBC-4BAE-8444-7BD7E884459A}.Debug|Any CPU.Build.0 = Debug|Any CPU
		{66410B4B-BCBC-4BAE-8444-7BD7E884459A}.Debug|x64.ActiveCfg = Debug|Any CPU
		{66410B4B-BCBC-4BAE-8444-7BD7E884459A}.Debug|x64.Build.0 = Debug|Any CPU
		{66410B4B-BCBC-4BAE-8444-7BD7E884459A}.Debug|x86.ActiveCfg = Debug|Any CPU
		{66410B4B-BCBC-4BAE-8444-7BD7E884459A}.Debug|x86.Build.0 = Debug|Any CPU
		{66410B4B-BCBC-4BAE-8444-7BD7E884459A}.Release|Any CPU.ActiveCfg = Release|Any CPU
		{66410B4B-BCBC-4BAE-8444-7BD7E884459A}.Release|Any CPU.Build.0 = Release|Any CPU
		{66410B4B-BCBC-4BAE-8444-7BD7E884459A}.Release|x64.ActiveCfg = Release|Any CPU
		{66410B4B-BCBC-4BAE-8444-7BD7E884459A}.Release|x64.Build.0 = Release|Any CPU
		{66410B4B-BCBC-4BAE-8444-7BD7E884459A}.Release|x86.ActiveCfg = Release|Any CPU
		{66410B4B-BCBC-4BAE-8444-7BD7E884459A}.Release|x86.Build.0 = Release|Any CPU
	EndGlobalSection
EndGlobal
